[[package]]
name = "aiohappyeyeballs"
version = "2.4.0"
description = "Happy Eyeballs for asyncio"
category = "main"
optional = false
python-versions = ">=3.8"

[[package]]
name = "aiohttp"
version = "3.10.5"
description = "Async http client/server framework (asyncio)"
category = "main"
optional = false
python-versions = ">=3.8"

[package.dependencies]
aiohappyeyeballs = ">=2.3.0"
aiosignal = ">=1.1.2"
async-timeout = {version = ">=4.0,<5.0", markers = "python_version < \"3.11\""}
attrs = ">=17.3.0"
frozenlist = ">=1.1.1"
multidict = ">=4.5,<7.0"
yarl = ">=1.0,<2.0"

[package.extras]
speedups = ["brotlicffi", "brotli", "aiodns (>=3.2.0)"]

[[package]]
name = "aiosignal"
version = "1.3.1"
description = "aiosignal: a list of registered asynchronous callbacks"
category = "main"
optional = false
python-versions = ">=3.7"

[package.dependencies]
frozenlist = ">=1.1.0"

[[package]]
name = "annotated-types"
version = "0.7.0"
description = "Reusable constraint types to use with typing.Annotated"
category = "main"
optional = false
python-versions = ">=3.8"

[[package]]
name = "ansible"
version = "6.7.0"
description = "Radically simple IT automation"
category = "main"
optional = false
python-versions = ">=3.8"

[package.dependencies]
ansible-core = ">=2.13.7,<2.14.0"

[[package]]
name = "ansible-core"
version = "2.13.13"
description = "Radically simple IT automation"
category = "main"
optional = false
python-versions = ">=3.8"

[package.dependencies]
cryptography = "*"
jinja2 = ">=3.0.0"
packaging = "*"
PyYAML = ">=5.1"
resolvelib = ">=0.5.3,<0.9.0"

[[package]]
name = "ansible-vault"
version = "2.1.0"
description = "R/W an ansible-vault yaml file"
category = "main"
optional = false
python-versions = "*"

[package.dependencies]
ansible = "*"

[package.extras]
dev = ["pytest", "black", "flake8", "isort"]
release = ["twine"]

[[package]]
name = "anyio"
version = "4.4.0"
description = "High level compatibility layer for multiple asynchronous event loop implementations"
category = "main"
optional = false
python-versions = ">=3.8"

[package.dependencies]
exceptiongroup = {version = ">=1.0.2", markers = "python_version < \"3.11\""}
idna = ">=2.8"
sniffio = ">=1.1"
typing-extensions = {version = ">=4.1", markers = "python_version < \"3.11\""}

[package.extras]
doc = ["packaging", "Sphinx (>=7)", "sphinx-rtd-theme", "sphinx-autodoc-typehints (>=1.2.0)"]
test = ["anyio", "coverage[toml] (>=7)", "exceptiongroup (>=1.2.0)", "hypothesis (>=4.0)", "psutil (>=5.9)", "pytest (>=7.0)", "pytest-mock (>=3.6.1)", "trustme", "uvloop (>=0.17)"]
trio = ["trio (>=0.23)"]

[[package]]
name = "async-timeout"
version = "4.0.3"
description = "Timeout context manager for asyncio programs"
category = "main"
optional = false
python-versions = ">=3.7"

[[package]]
name = "attrs"
version = "24.2.0"
description = "Classes Without Boilerplate"
category = "main"
optional = false
python-versions = ">=3.7"

[package.extras]
benchmark = ["cloudpickle", "hypothesis", "mypy (>=1.11.1)", "pympler", "pytest-codspeed", "pytest-mypy-plugins", "pytest-xdist", "pytest (>=4.3.0)"]
cov = ["cloudpickle", "coverage[toml] (>=5.3)", "hypothesis", "mypy (>=1.11.1)", "pympler", "pytest-mypy-plugins", "pytest-xdist", "pytest (>=4.3.0)"]
dev = ["cloudpickle", "hypothesis", "mypy (>=1.11.1)", "pre-commit", "pympler", "pytest-mypy-plugins", "pytest-xdist", "pytest (>=4.3.0)"]
docs = ["cogapp", "furo", "myst-parser", "sphinx", "sphinx-notfound-page", "sphinxcontrib-towncrier", "towncrier (<24.7)"]
tests = ["cloudpickle", "hypothesis", "mypy (>=1.11.1)", "pympler", "pytest-mypy-plugins", "pytest-xdist", "pytest (>=4.3.0)"]
tests-mypy = ["mypy (>=1.11.1)", "pytest-mypy-plugins"]

[[package]]
name = "backoff"
version = "2.2.1"
description = "Function decoration for backoff and retry"
category = "main"
optional = false
python-versions = ">=3.7,<4.0"

[[package]]
name = "base58"
version = "2.1.1"
description = "Base58 and Base58Check implementation."
category = "main"
optional = false
python-versions = ">=3.5"

[package.extras]
tests = ["mypy", "PyHamcrest (>=2.0.2)", "pytest (>=4.6)", "pytest-benchmark", "pytest-cov", "pytest-flake8"]

[[package]]
name = "bittensor"
version = "7.3.1"
description = "bittensor"
category = "main"
optional = false
python-versions = ">=3.9"

[package.dependencies]
aiohttp = ">=3.9,<4.0"
ansible = ">=6.7,<7.0"
ansible-vault = ">=2.1,<3.0"
backoff = "*"
certifi = ">=2024.2.2,<2024.3.0"
colorama = ">=0.4.6,<0.5.0"
cryptography = ">=42.0.5,<42.1.0"
ddt = ">=1.6.0,<1.7.0"
eth-utils = "<2.3.0"
fastapi = ">=0.110.1,<0.111.0"
fuzzywuzzy = ">=0.18.0"
msgpack-numpy-opentensor = ">=0.5.0,<0.6.0"
munch = ">=2.5.0,<2.6.0"
nest-asyncio = "*"
netaddr = "*"
numpy = "*"
packaging = "*"
password-strength = "*"
pycryptodome = ">=3.18.0,<4.0.0"
pydantic = ">=2.3,<3"
PyNaCl = ">=1.3.0,<=1.5.0"
python-Levenshtein = "*"
python-statemachine = ">=2.1.2,<2.2.0"
pyyaml = "*"
requests = "*"
retry = "*"
rich = "*"
scalecodec = "1.2.11"
shtab = ">=1.6.5,<1.7.0"
substrate-interface = ">=1.7.9,<1.8.0"
termcolor = "*"
tqdm = "*"
uvicorn = "<=0.30"

[package.extras]
dev = ["black (==23.7.0)", "pytest (==7.2.0)", "pytest-asyncio (==0.23.7)", "pytest-mock (==3.12.0)", "pytest-split (==0.8.0)", "pytest-xdist (==3.0.2)", "pytest-rerunfailures (==10.2)", "coveralls (==3.3.1)", "pytest-cov (==4.0.0)", "ddt (==1.6.0)", "hypothesis (==6.81.1)", "flake8 (==7.0.0)", "mypy (==1.8.0)", "types-retry (==0.9.9.4)", "freezegun (==1.5.0)", "torch (>=1.13.1)", "httpx (==0.27.0)", "ruff (==0.4.7)", "aioresponses (==0.7.6)", "factory-boy (==3.3.0)"]
torch = ["torch (>=1.13.1)"]

[[package]]
name = "certifi"
version = "2024.2.2"
description = "Python package for providing Mozilla's CA Bundle."
category = "main"
optional = false
python-versions = ">=3.6"

[[package]]
name = "cffi"
version = "1.17.1"
description = "Foreign Function Interface for Python calling C code."
category = "main"
optional = false
python-versions = ">=3.8"

[package.dependencies]
pycparser = "*"

[[package]]
name = "charset-normalizer"
version = "3.3.2"
description = "The Real First Universal Charset Detector. Open, modern and actively maintained alternative to Chardet."
category = "main"
optional = false
python-versions = ">=3.7.0"

[[package]]
name = "click"
version = "8.1.7"
description = "Composable command line interface toolkit"
category = "main"
optional = false
python-versions = ">=3.7"

[package.dependencies]
colorama = {version = "*", markers = "platform_system == \"Windows\""}

[[package]]
name = "colorama"
version = "0.4.6"
description = "Cross-platform colored terminal text."
category = "main"
optional = false
python-versions = "!=3.0.*,!=3.1.*,!=3.2.*,!=3.3.*,!=3.4.*,!=3.5.*,!=3.6.*,>=2.7"

[[package]]
name = "cryptography"
version = "42.0.8"
description = "cryptography is a package which provides cryptographic recipes and primitives to Python developers."
category = "main"
optional = false
python-versions = ">=3.7"

[package.dependencies]
cffi = {version = ">=1.12", markers = "platform_python_implementation != \"PyPy\""}

[package.extras]
docs = ["sphinx (>=5.3.0)", "sphinx-rtd-theme (>=1.1.1)"]
docstest = ["pyenchant (>=1.6.11)", "readme-renderer", "sphinxcontrib-spelling (>=4.0.1)"]
nox = ["nox"]
pep8test = ["ruff", "mypy", "check-sdist", "click"]
sdist = ["build"]
ssh = ["bcrypt (>=3.1.5)"]
test = ["pytest (>=6.2.0)", "pytest-benchmark", "pytest-cov", "pytest-xdist", "pretend", "certifi"]
test-randomorder = ["pytest-randomly"]

[[package]]
name = "cytoolz"
version = "0.12.3"
description = "Cython implementation of Toolz: High performance functional utilities"
category = "main"
optional = false
python-versions = ">=3.7"

[package.dependencies]
toolz = ">=0.8.0"

[package.extras]
cython = ["cython"]

[[package]]
name = "ddt"
version = "1.6.0"
description = "Data-Driven/Decorated Tests"
category = "main"
optional = false
python-versions = "*"

[[package]]
name = "decorator"
version = "5.1.1"
description = "Decorators for Humans"
category = "main"
optional = false
python-versions = ">=3.5"

[[package]]
name = "ecdsa"
version = "0.19.0"
description = "ECDSA cryptographic signature library (pure python)"
category = "main"
optional = false
python-versions = "!=3.0.*,!=3.1.*,!=3.2.*,!=3.3.*,!=3.4.*,>=2.6"

[package.dependencies]
six = ">=1.9.0"

[package.extras]
gmpy = ["gmpy"]
gmpy2 = ["gmpy2"]

[[package]]
name = "edge-maxxing-neuron"
version = "1.0.0"
description = "The base neuron which validators & miners inherent from"
category = "main"
optional = false
python-versions = ">=3.10,<3.13"
develop = true

[package.dependencies]
bittensor = "7.3.1"
GitPython = "3.1.43"
loguru = "0.7.2"

[package.source]
type = "directory"
url = "../neuron"

[[package]]
name = "eth-hash"
version = "0.7.0"
description = "eth-hash: The Ethereum hashing function, keccak256, sometimes (erroneously) called sha3"
category = "main"
optional = false
python-versions = ">=3.8, <4"

[package.extras]
dev = ["build (>=0.9.0)", "bumpversion (>=0.5.3)", "ipython", "pre-commit (>=3.4.0)", "tox (>=4.0.0)", "twine", "wheel", "sphinx (>=6.0.0)", "sphinx-rtd-theme (>=1.0.0)", "towncrier (>=21,<22)", "pytest (>=7.0.0)", "pytest-xdist (>=2.4.0)"]
docs = ["sphinx (>=6.0.0)", "sphinx-rtd-theme (>=1.0.0)", "towncrier (>=21,<22)"]
pycryptodome = ["pycryptodome (>=3.6.6,<4)"]
pysha3 = ["pysha3 (>=1.0.0,<2.0.0)", "safe-pysha3 (>=1.0.0)"]
test = ["pytest (>=7.0.0)", "pytest-xdist (>=2.4.0)"]

[[package]]
name = "eth-keys"
version = "0.5.1"
description = "eth-keys: Common API for Ethereum key operations"
category = "main"
optional = false
python-versions = "<4,>=3.8"

[package.dependencies]
eth-typing = ">=3"
eth-utils = ">=2"

[package.extras]
coincurve = ["coincurve (>=12.0.0)"]
dev = ["coincurve (>=12.0.0)", "build (>=0.9.0)", "bumpversion (>=0.5.3)", "ipython", "pre-commit (>=3.4.0)", "tox (>=4.0.0)", "twine", "wheel", "towncrier (>=21,<22)", "pytest (>=7.0.0)", "asn1tools (>=0.146.2)", "factory-boy (>=3.0.1)", "pyasn1 (>=0.4.5)", "hypothesis (>=5.10.3)", "eth-hash"]
docs = ["towncrier (>=21,<22)"]
test = ["pytest (>=7.0.0)", "asn1tools (>=0.146.2)", "factory-boy (>=3.0.1)", "pyasn1 (>=0.4.5)", "hypothesis (>=5.10.3)", "eth-hash"]

[[package]]
name = "eth-typing"
version = "5.0.0"
description = "eth-typing: Common type annotations for ethereum python packages"
category = "main"
optional = false
python-versions = "<4,>=3.8"

[package.dependencies]
typing-extensions = ">=4.5.0"

[package.extras]
dev = ["build (>=0.9.0)", "bumpversion (>=0.5.3)", "ipython", "mypy (==1.10.0)", "pre-commit (>=3.4.0)", "tox (>=4.0.0)", "twine", "wheel", "sphinx (>=6.0.0)", "sphinx-rtd-theme (>=1.0.0)", "towncrier (>=21,<22)", "pytest (>=7.0.0)", "pytest-xdist (>=2.4.0)"]
docs = ["sphinx (>=6.0.0)", "sphinx-rtd-theme (>=1.0.0)", "towncrier (>=21,<22)"]
test = ["pytest (>=7.0.0)", "pytest-xdist (>=2.4.0)"]

[[package]]
name = "eth-utils"
version = "2.2.2"
description = "eth-utils: Common utility functions for python code that interacts with Ethereum"
category = "main"
optional = false
python-versions = ">=3.7,<4"

[package.dependencies]
cytoolz = {version = ">=0.10.1", markers = "implementation_name == \"cpython\""}
eth-hash = ">=0.3.1"
eth-typing = ">=3.0.0"
toolz = {version = ">0.8.2", markers = "implementation_name == \"pypy\""}

[package.extras]
dev = ["bumpversion (>=0.5.3)", "pytest-watch (>=4.1.0)", "tox (>=4.0.0)", "build (>=0.9.0)", "wheel", "twine", "ipython", "eth-hash", "hypothesis (>=4.43.0)", "pytest (>=7.0.0)", "pytest-xdist (>=2.4.0)", "types-setuptools", "mypy (==0.971)", "flake8 (==3.8.3)", "isort (>=5.11.0)", "pydocstyle (>=5.0.0)", "black (>=23)", "sphinx (>=5.0.0)", "sphinx-rtd-theme (>=1.0.0)", "towncrier (>=21,<22)"]
docs = ["sphinx (>=5.0.0)", "sphinx-rtd-theme (>=1.0.0)", "towncrier (>=21,<22)"]
lint = ["flake8 (==3.8.3)", "isort (>=5.11.0)", "mypy (==0.971)", "pydocstyle (>=5.0.0)", "black (>=23)", "types-setuptools"]
test = ["hypothesis (>=4.43.0)", "pytest (>=7.0.0)", "pytest-xdist (>=2.4.0)", "types-setuptools", "mypy (==0.971)"]

[[package]]
name = "exceptiongroup"
version = "1.2.2"
description = "Backport of PEP 654 (exception groups)"
category = "main"
optional = false
python-versions = ">=3.7"

[package.extras]
test = ["pytest (>=6)"]

[[package]]
name = "fastapi"
version = "0.110.3"
description = "FastAPI framework, high performance, easy to learn, fast to code, ready for production"
category = "main"
optional = false
python-versions = ">=3.8"

[package.dependencies]
pydantic = ">=1.7.4,<1.8 || >1.8,<1.8.1 || >1.8.1,<2.0.0 || >2.0.0,<2.0.1 || >2.0.1,<2.1.0 || >2.1.0,<3.0.0"
starlette = ">=0.37.2,<0.38.0"
typing-extensions = ">=4.8.0"

[package.extras]
all = ["httpx (>=0.23.0)", "jinja2 (>=2.11.2)", "python-multipart (>=0.0.7)", "itsdangerous (>=1.1.0)", "pyyaml (>=5.3.1)", "ujson (>=4.0.1,!=4.0.2,!=4.1.0,!=4.2.0,!=4.3.0,!=5.0.0,!=5.1.0)", "orjson (>=3.2.1)", "email_validator (>=2.0.0)", "uvicorn[standard] (>=0.12.0)", "pydantic-settings (>=2.0.0)", "pydantic-extra-types (>=2.0.0)"]

[[package]]
name = "frozenlist"
version = "1.4.1"
description = "A list-like structure which implements collections.abc.MutableSequence"
category = "main"
optional = false
python-versions = ">=3.8"

[[package]]
name = "fuzzywuzzy"
version = "0.18.0"
description = "Fuzzy string matching in python"
category = "main"
optional = false
python-versions = "*"

[package.extras]
speedup = ["python-levenshtein (>=0.12)"]

[[package]]
name = "gitdb"
version = "4.0.11"
description = "Git Object Database"
category = "main"
optional = false
python-versions = ">=3.7"

[package.dependencies]
smmap = ">=3.0.1,<6"

[[package]]
name = "gitpython"
version = "3.1.43"
description = "GitPython is a Python library used to interact with Git repositories"
category = "main"
optional = false
python-versions = ">=3.7"

[package.dependencies]
gitdb = ">=4.0.1,<5"

[package.extras]
doc = ["sphinx (==4.3.2)", "sphinx-rtd-theme", "sphinxcontrib-applehelp (>=1.0.2,<=1.0.4)", "sphinxcontrib-devhelp (==1.0.2)", "sphinxcontrib-htmlhelp (>=2.0.0,<=2.0.1)", "sphinxcontrib-qthelp (==1.0.3)", "sphinxcontrib-serializinghtml (==1.1.5)", "sphinx-autodoc-typehints"]
test = ["coverage", "ddt (>=1.1.1,!=1.4.3)", "mypy", "pre-commit", "pytest (>=7.3.1)", "pytest-cov", "pytest-instafail", "pytest-mock", "pytest-sugar", "typing-extensions", "mock"]

[[package]]
name = "h11"
version = "0.14.0"
description = "A pure-Python, bring-your-own-I/O implementation of HTTP/1.1"
category = "main"
optional = false
python-versions = ">=3.7"

[[package]]
name = "idna"
version = "3.8"
description = "Internationalized Domain Names in Applications (IDNA)"
category = "main"
optional = false
python-versions = ">=3.6"

[[package]]
name = "jinja2"
version = "3.1.4"
description = "A very fast and expressive template engine."
category = "main"
optional = false
python-versions = ">=3.7"

[package.dependencies]
MarkupSafe = ">=2.0"

[package.extras]
i18n = ["Babel (>=2.7)"]

[[package]]
name = "levenshtein"
version = "0.25.1"
description = "Python extension for computing string edit distances and similarities."
category = "main"
optional = false
python-versions = ">=3.8"

[package.dependencies]
rapidfuzz = ">=3.8.0,<4.0.0"

[[package]]
name = "loguru"
version = "0.7.2"
description = "Python logging made (stupidly) simple"
category = "main"
optional = false
python-versions = ">=3.5"

[package.dependencies]
colorama = {version = ">=0.3.4", markers = "sys_platform == \"win32\""}
win32-setctime = {version = ">=1.0.0", markers = "sys_platform == \"win32\""}

[package.extras]
dev = ["mypy (==v0.910)", "tox (==3.27.1)", "pytest (==6.1.2)", "pytest-cov (==2.12.1)", "colorama (==0.4.5)", "freezegun (==1.1.0)", "mypy (==v0.971)", "pytest-mypy-plugins (==1.9.3)", "exceptiongroup (==1.1.3)", "mypy (==v1.4.1)", "pre-commit (==3.4.0)", "tox (==4.11.0)", "pytest (==7.4.0)", "pytest-cov (==4.1.0)", "pytest-mypy-plugins (==3.0.0)", "colorama (==0.4.6)", "freezegun (==1.2.2)", "mypy (==v1.5.1)", "Sphinx (==7.2.5)", "sphinx-autobuild (==2021.3.14)", "sphinx-rtd-theme (==1.3.0)"]

[[package]]
name = "markdown-it-py"
version = "3.0.0"
description = "Python port of markdown-it. Markdown parsing, done right!"
category = "main"
optional = false
python-versions = ">=3.8"

[package.dependencies]
mdurl = ">=0.1,<1.0"

[package.extras]
benchmarking = ["psutil", "pytest", "pytest-benchmark"]
code_style = ["pre-commit (>=3.0,<4.0)"]
compare = ["commonmark (>=0.9,<1.0)", "markdown (>=3.4,<4.0)", "mistletoe (>=1.0,<2.0)", "mistune (>=2.0,<3.0)", "panflute (>=2.3,<3.0)"]
linkify = ["linkify-it-py (>=1,<3)"]
plugins = ["mdit-py-plugins"]
profiling = ["gprof2dot"]
rtd = ["mdit-py-plugins", "myst-parser", "pyyaml", "sphinx", "sphinx-copybutton", "sphinx-design", "sphinx-book-theme", "jupyter-sphinx"]
testing = ["coverage", "pytest", "pytest-cov", "pytest-regressions"]

[[package]]
name = "markupsafe"
version = "2.1.5"
description = "Safely add untrusted strings to HTML/XML markup."
category = "main"
optional = false
python-versions = ">=3.7"

[[package]]
name = "mdurl"
version = "0.1.2"
description = "Markdown URL utilities"
category = "main"
optional = false
python-versions = ">=3.7"

[[package]]
name = "more-itertools"
version = "10.5.0"
description = "More routines for operating on iterables, beyond itertools"
category = "main"
optional = false
python-versions = ">=3.8"

[[package]]
name = "msgpack"
version = "1.0.8"
description = "MessagePack serializer"
category = "main"
optional = false
python-versions = ">=3.8"

[[package]]
name = "msgpack-numpy-opentensor"
version = "0.5.0"
description = "Numpy data serialization using msgpack"
category = "main"
optional = false
python-versions = "*"

[package.dependencies]
msgpack = ">=0.5.2"
numpy = ">=1.9.0"

[[package]]
name = "multidict"
version = "6.0.5"
description = "multidict implementation"
category = "main"
optional = false
python-versions = ">=3.7"

[[package]]
name = "munch"
version = "2.5.0"
description = "A dot-accessible dictionary (a la JavaScript objects)"
category = "main"
optional = false
python-versions = "*"

[package.dependencies]
six = "*"

[package.extras]
testing = ["pytest", "coverage", "astroid (>=1.5.3,<1.6.0)", "pylint (>=1.7.2,<1.8.0)", "astroid (>=2.0)", "pylint (>=2.3.1,<2.4.0)"]
yaml = ["PyYAML (>=5.1.0)"]

[[package]]
name = "nest-asyncio"
version = "1.6.0"
description = "Patch asyncio to allow nested event loops"
category = "main"
optional = false
python-versions = ">=3.5"

[[package]]
name = "netaddr"
version = "1.3.0"
description = "A network address manipulation library for Python"
category = "main"
optional = false
python-versions = ">=3.7"

[package.extras]
nicer-shell = ["ipython"]

[[package]]
name = "numpy"
version = "2.1.1"
description = "Fundamental package for array computing in Python"
category = "main"
optional = false
python-versions = ">=3.10"

[[package]]
name = "packaging"
version = "24.1"
description = "Core utilities for Python packages"
category = "main"
optional = false
python-versions = ">=3.8"

[[package]]
name = "password-strength"
version = "0.0.3.post2"
description = "Password strength and validation"
category = "main"
optional = false
python-versions = "*"

[package.dependencies]
six = "*"

[[package]]
name = "py"
version = "1.11.0"
description = "library with cross-python path, ini-parsing, io, code, log facilities"
category = "main"
optional = false
python-versions = ">=2.7, !=3.0.*, !=3.1.*, !=3.2.*, !=3.3.*, !=3.4.*"

[[package]]
name = "py-bip39-bindings"
version = "0.1.11"
description = "Python bindings for tiny-bip39 RUST crate"
category = "main"
optional = false
python-versions = "*"

[[package]]
name = "py-ed25519-zebra-bindings"
version = "1.0.1"
description = "Python bindings for the ed25519-zebra RUST crate"
category = "main"
optional = false
python-versions = "*"

[[package]]
name = "py-sr25519-bindings"
version = "0.2.0"
description = "Python bindings for sr25519 library"
category = "main"
optional = false
python-versions = "*"

[[package]]
name = "pycparser"
version = "2.22"
description = "C parser in Python"
category = "main"
optional = false
python-versions = ">=3.8"

[[package]]
name = "pycryptodome"
version = "3.20.0"
description = "Cryptographic library for Python"
category = "main"
optional = false
python-versions = ">=2.7, !=3.0.*, !=3.1.*, !=3.2.*, !=3.3.*, !=3.4.*"

[[package]]
name = "pydantic"
version = "2.9.0"
description = "Data validation using Python type hints"
category = "main"
optional = false
python-versions = ">=3.8"

[package.dependencies]
annotated-types = ">=0.4.0"
pydantic-core = "2.23.2"
typing-extensions = {version = ">=4.6.1", markers = "python_version < \"3.13\""}
tzdata = {version = "*", markers = "python_version >= \"3.9\""}

[package.extras]
email = ["email-validator (>=2.0.0)"]

[[package]]
name = "pydantic-core"
version = "2.23.2"
description = "Core functionality for Pydantic validation and serialization"
category = "main"
optional = false
python-versions = ">=3.8"

[package.dependencies]
typing-extensions = ">=4.6.0,<4.7.0 || >4.7.0"

[[package]]
name = "pygments"
version = "2.18.0"
description = "Pygments is a syntax highlighting package written in Python."
category = "main"
optional = false
python-versions = ">=3.8"

[package.extras]
windows-terminal = ["colorama (>=0.4.6)"]

[[package]]
name = "pynacl"
version = "1.5.0"
description = "Python binding to the Networking and Cryptography (NaCl) library"
category = "main"
optional = false
python-versions = ">=3.6"

[package.dependencies]
cffi = ">=1.4.1"

[package.extras]
docs = ["sphinx (>=1.6.5)", "sphinx-rtd-theme"]
tests = ["pytest (>=3.2.1,!=3.3.0)", "hypothesis (>=3.27.0)"]

[[package]]
name = "python-levenshtein"
version = "0.25.1"
description = "Python extension for computing string edit distances and similarities."
category = "main"
optional = false
python-versions = ">=3.8"

[package.dependencies]
Levenshtein = "0.25.1"

[[package]]
name = "python-statemachine"
version = "2.1.2"
description = "Python Finite State Machines made easy."
category = "main"
optional = false
python-versions = ">=3.7,<3.13"

[[package]]
name = "pyyaml"
version = "6.0.2"
description = "YAML parser and emitter for Python"
category = "main"
optional = false
python-versions = ">=3.8"

[[package]]
name = "rapidfuzz"
version = "3.9.7"
description = "rapid fuzzy string matching"
category = "main"
optional = false
python-versions = ">=3.8"

[package.extras]
full = ["numpy"]

[[package]]
name = "requests"
version = "2.32.3"
description = "Python HTTP for Humans."
category = "main"
optional = false
python-versions = ">=3.8"

[package.dependencies]
certifi = ">=2017.4.17"
charset-normalizer = ">=2,<4"
idna = ">=2.5,<4"
urllib3 = ">=1.21.1,<3"

[package.extras]
socks = ["PySocks (>=1.5.6,!=1.5.7)"]
use-chardet-on-py3 = ["chardet (>=3.0.2,<6)"]

[[package]]
name = "resolvelib"
version = "0.8.1"
description = "Resolve abstract dependencies into concrete ones"
category = "main"
optional = false
python-versions = "*"

[package.extras]
examples = ["html5lib", "packaging", "pygraphviz", "requests"]
lint = ["black", "flake8", "mypy", "isort", "types-requests"]
release = ["build", "towncrier", "twine"]
test = ["commentjson", "packaging", "pytest"]

[[package]]
name = "retry"
version = "0.9.2"
description = "Easy to use retry decorator."
category = "main"
optional = false
python-versions = "*"

[package.dependencies]
decorator = ">=3.4.2"
py = ">=1.4.26,<2.0.0"

[[package]]
name = "rich"
version = "13.8.0"
description = "Render rich text, tables, progress bars, syntax highlighting, markdown and more to the terminal"
category = "main"
optional = false
python-versions = ">=3.7.0"

[package.dependencies]
markdown-it-py = ">=2.2.0"
pygments = ">=2.13.0,<3.0.0"

[package.extras]
jupyter = ["ipywidgets (>=7.5.1,<9)"]

[[package]]
name = "scalecodec"
version = "1.2.11"
description = "Python SCALE Codec Library"
category = "main"
optional = false
python-versions = "<4,>=3.6"

[package.dependencies]
base58 = ">=2.0.1"
more-itertools = "*"
requests = ">=2.24.0"

[package.extras]
test = ["coverage", "pytest"]

[[package]]
name = "shtab"
version = "1.6.5"
description = "Automagic shell tab completion for Python CLI applications"
category = "main"
optional = false
python-versions = ">=3.7"

[package.extras]
dev = ["pytest (>=6)", "pytest-cov", "pytest-timeout"]

[[package]]
name = "six"
version = "1.16.0"
description = "Python 2 and 3 compatibility utilities"
category = "main"
optional = false
python-versions = ">=2.7, !=3.0.*, !=3.1.*, !=3.2.*"

[[package]]
name = "smmap"
version = "5.0.1"
description = "A pure Python implementation of a sliding window memory map manager"
category = "main"
optional = false
python-versions = ">=3.7"

[[package]]
name = "sniffio"
version = "1.3.1"
description = "Sniff out which async library your code is running under"
category = "main"
optional = false
python-versions = ">=3.7"

[[package]]
name = "starlette"
version = "0.37.2"
description = "The little ASGI library that shines."
category = "main"
optional = false
python-versions = ">=3.8"

[package.dependencies]
anyio = ">=3.4.0,<5"

[package.extras]
full = ["httpx (>=0.22.0)", "itsdangerous", "jinja2", "python-multipart (>=0.0.7)", "pyyaml"]

[[package]]
name = "substrate-interface"
version = "1.7.10"
description = "Library for interfacing with a Substrate node"
category = "main"
optional = false
python-versions = "<4,>=3.7"

[package.dependencies]
base58 = ">=1.0.3,<3"
certifi = ">=2019.3.9"
ecdsa = ">=0.17.0,<1"
eth-keys = ">=0.2.1,<1"
eth-utils = ">=1.3.0,<3"
idna = ">=2.1.0,<4"
py-bip39-bindings = ">=0.1.9,<1"
py-ed25519-zebra-bindings = ">=1.0,<2"
py-sr25519-bindings = ">=0.2.0,<1"
pycryptodome = ">=3.11.0,<4"
PyNaCl = ">=1.0.1,<2"
requests = ">=2.21.0,<3"
scalecodec = ">=1.2.10,<1.3"
websocket-client = ">=0.57.0,<2"
xxhash = ">=1.3.0,<4"

[package.extras]
test = ["coverage", "pytest"]

[[package]]
name = "termcolor"
version = "2.4.0"
description = "ANSI color formatting for output in terminal"
category = "main"
optional = false
python-versions = ">=3.8"

[package.extras]
tests = ["pytest", "pytest-cov"]

[[package]]
name = "toolz"
version = "0.12.1"
description = "List processing tools and functional utilities"
category = "main"
optional = false
python-versions = ">=3.7"

[[package]]
name = "tqdm"
version = "4.66.5"
description = "Fast, Extensible Progress Meter"
category = "main"
optional = false
python-versions = ">=3.7"

[package.dependencies]
colorama = {version = "*", markers = "platform_system == \"Windows\""}

[package.extras]
dev = ["pytest (>=6)", "pytest-cov", "pytest-timeout", "pytest-xdist"]
notebook = ["ipywidgets (>=6)"]
slack = ["slack-sdk"]
telegram = ["requests"]

[[package]]
name = "typing-extensions"
version = "4.12.2"
description = "Backported and Experimental Type Hints for Python 3.8+"
category = "main"
optional = false
python-versions = ">=3.8"

[[package]]
name = "tzdata"
version = "2024.1"
description = "Provider of IANA time zone data"
category = "main"
optional = false
python-versions = ">=2"

[[package]]
name = "urllib3"
version = "2.2.2"
description = "HTTP library with thread-safe connection pooling, file post, and more."
category = "main"
optional = false
python-versions = ">=3.8"

[package.extras]
brotli = ["brotli (>=1.0.9)", "brotlicffi (>=0.8.0)"]
h2 = ["h2 (>=4,<5)"]
socks = ["pysocks (>=1.5.6,!=1.5.7,<2.0)"]
zstd = ["zstandard (>=0.18.0)"]

[[package]]
name = "uvicorn"
version = "0.30.0"
description = "The lightning-fast ASGI server."
category = "main"
optional = false
python-versions = ">=3.8"

[package.dependencies]
click = ">=7.0"
h11 = ">=0.8"
typing-extensions = {version = ">=4.0", markers = "python_version < \"3.11\""}

[package.extras]
standard = ["colorama (>=0.4)", "httptools (>=0.5.0)", "python-dotenv (>=0.13)", "pyyaml (>=5.1)", "uvloop (>=0.14.0,!=0.15.0,!=0.15.1)", "watchfiles (>=0.13)", "websockets (>=10.4)"]

[[package]]
name = "websocket-client"
version = "1.8.0"
description = "WebSocket client for Python with low level API options"
category = "main"
optional = false
python-versions = ">=3.8"

[package.extras]
docs = ["Sphinx (>=6.0)", "sphinx-rtd-theme (>=1.1.0)", "myst-parser (>=2.0.0)"]
optional = ["python-socks", "wsaccel"]
test = ["websockets"]

[[package]]
name = "win32-setctime"
version = "1.1.0"
description = "A small Python utility to set file creation time on Windows"
category = "main"
optional = false
python-versions = ">=3.5"

[package.extras]
dev = ["pytest (>=4.6.2)", "black (>=19.3b0)"]

[[package]]
name = "xxhash"
version = "3.5.0"
description = "Python binding for xxHash"
category = "main"
optional = false
python-versions = ">=3.7"

[[package]]
name = "yarl"
version = "1.9.11"
description = "Yet another URL library"
category = "main"
optional = false
python-versions = ">=3.8"

[package.dependencies]
idna = ">=2.0"
multidict = ">=4.0"

[metadata]
lock-version = "1.1"
python-versions = ">=3.10,<3.13"
content-hash = "d32259b355be68b2ac15b554a00e459d68e6932beec2152bdbab92098b43f0c5"

[metadata.files]
aiohappyeyeballs = []
aiohttp = []
aiosignal = []
annotated-types = []
ansible = []
ansible-core = []
ansible-vault = []
anyio = []
async-timeout = []
attrs = []
backoff = []
base58 = []
bittensor = []
certifi = []
cffi = []
charset-normalizer = []
click = []
colorama = []
cryptography = []
cytoolz = []
ddt = []
decorator = []
ecdsa = []
edge-maxxing-neuron = []
eth-hash = []
eth-keys = []
eth-typing = []
eth-utils = []
exceptiongroup = []
fastapi = []
frozenlist = []
fuzzywuzzy = []
gitdb = []
gitpython = []
h11 = []
idna = []
jinja2 = []
levenshtein = []
loguru = []
markdown-it-py = []
markupsafe = []
mdurl = []
more-itertools = []
msgpack = []
msgpack-numpy-opentensor = []
multidict = []
munch = []
nest-asyncio = []
netaddr = []
numpy = []
packaging = []
password-strength = []
py = []
py-bip39-bindings = []
py-ed25519-zebra-bindings = []
py-sr25519-bindings = []
pycparser = []
pycryptodome = []
pydantic = []
pydantic-core = []
pygments = []
pynacl = []
python-levenshtein = []
python-statemachine = []
pyyaml = []
rapidfuzz = []
requests = []
resolvelib = []
retry = []
rich = []
scalecodec = []
shtab = []
six = []
smmap = []
sniffio = []
starlette = []
substrate-interface = []
termcolor = []
toolz = []
tqdm = []
typing-extensions = []
tzdata = []
urllib3 = []
uvicorn = []
websocket-client = []
win32-setctime = []
xxhash = []
yarl = []
